
Microsoft Visual Studio Solution File, Format Version 12.00
# Visual Studio Version 17
VisualStudioVersion = 17.10.35122.118
MinimumVisualStudioVersion = 10.0.40219.1
Project("{FAE04EC0-301F-11D3-BF4B-00C04F79EFBC}") = "xunitExample", "xunitExample.csproj", "{A9232DAB-18E4-4198-9365-71BEF3C70A6B}"
EndProject
Project("{FAE04EC0-301F-11D3-BF4B-00C04F79EFBC}") = "xunitExample.Test", "..\xunitExample.Test\xunitExample.Test.csproj", "{33340BEC-1AFC-482B-90E9-BB8648549964}"
EndProject
Global
	GlobalSection(SolutionConfigurationPlatforms) = preSolution
		Debug|Any CPU = Debug|Any CPU
		Release|Any CPU = Release|Any CPU
	EndGlobalSection
	GlobalSection(ProjectConfigurationPlatforms) = postSolution
		{A9232DAB-18E4-4198-9365-71BEF3C70A6B}.Debug|Any CPU.ActiveCfg = Debug|Any CPU
		{A9232DAB-18E4-4198-9365-71BEF3C70A6B}.Debug|Any CPU.Build.0 = Debug|Any CPU
		{A9232DAB-18E4-4198-9365-71BEF3C70A6B}.Release|Any CPU.ActiveCfg = Release|Any CPU
		{A9232DAB-18E4-4198-9365-71BEF3C70A6B}.Release|Any CPU.Build.0 = Release|Any CPU
		{33340BEC-1AFC-482B-90E9-BB8648549964}.Debug|Any CPU.ActiveCfg = Debug|Any CPU
		{33340BEC-1AFC-482B-90E9-BB8648549964}.Debug|Any CPU.Build.0 = Debug|Any CPU
		{33340BEC-1AFC-482B-90E9-BB8648549964}.Release|Any CPU.ActiveCfg = Release|Any CPU
		{33340BEC-1AFC-482B-90E9-BB8648549964}.Release|Any CPU.Build.0 = Release|Any CPU
	EndGlobalSection
	GlobalSection(SolutionProperties) = preSolution
		HideSolutionNode = FALSE
	EndGlobalSection
	GlobalSection(ExtensibilityGlobals) = postSolution
		SolutionGuid = {EFBAEF3D-E141-4B5B-9299-AC41DCC18ACA}
	EndGlobalSection
EndGlobal
